
Microsoft Visual Studio Solution File, Format Version 12.00
# Visual Studio Version 17
VisualStudioVersion = 17.14.36511.14
MinimumVisualStudioVersion = 10.0.40219.1
Project("{FAE04EC0-301F-11D3-BF4B-00C04F79EFBC}") = "DISourceGenerator", "src\DISourceGenerator\DISourceGenerator.csproj", "{4AA41317-FAE7-445A-905E-85E7D9BA1B9C}"
EndProject
Project("{2150E333-8FDC-42A3-9474-1A3956D46DE8}") = "src", "src", "{02EA681E-C7D8-13C7-8484-4AC65E1B71E8}"
EndProject
Project("{2150E333-8FDC-42A3-9474-1A3956D46DE8}") = "tests", "tests", "{587363F6-3875-4ABB-AA1B-EC8EE8C73DEE}"
EndProject
Project("{FAE04EC0-301F-11D3-BF4B-00C04F79EFBC}") = "DISourceGenerator_Tests", "tests\DISourceGenerator_Tests\DISourceGenerator_Tests.csproj", "{32097104-1709-479B-A790-9A2EC6F206A2}"
EndProject
Global
	GlobalSection(SolutionConfigurationPlatforms) = preSolution
		Debug|Any CPU = Debug|Any CPU
		Release|Any CPU = Release|Any CPU
	EndGlobalSection
	GlobalSection(ProjectConfigurationPlatforms) = postSolution
		{4AA41317-FAE7-445A-905E-85E7D9BA1B9C}.Debug|Any CPU.ActiveCfg = Debug|Any CPU
		{4AA41317-FAE7-445A-905E-85E7D9BA1B9C}.Debug|Any CPU.Build.0 = Debug|Any CPU
		{4AA41317-FAE7-445A-905E-85E7D9BA1B9C}.Release|Any CPU.ActiveCfg = Release|Any CPU
		{4AA41317-FAE7-445A-905E-85E7D9BA1B9C}.Release|Any CPU.Build.0 = Release|Any CPU
		{32097104-1709-479B-A790-9A2EC6F206A2}.Debug|Any CPU.ActiveCfg = Debug|Any CPU
		{32097104-1709-479B-A790-9A2EC6F206A2}.Debug|Any CPU.Build.0 = Debug|Any CPU
		{32097104-1709-479B-A790-9A2EC6F206A2}.Release|Any CPU.ActiveCfg = Release|Any CPU
		{32097104-1709-479B-A790-9A2EC6F206A2}.Release|Any CPU.Build.0 = Release|Any CPU
	EndGlobalSection
	GlobalSection(SolutionProperties) = preSolution
		HideSolutionNode = FALSE
	EndGlobalSection
	GlobalSection(NestedProjects) = preSolution
		{4AA41317-FAE7-445A-905E-85E7D9BA1B9C} = {02EA681E-C7D8-13C7-8484-4AC65E1B71E8}
		{32097104-1709-479B-A790-9A2EC6F206A2} = {587363F6-3875-4ABB-AA1B-EC8EE8C73DEE}
	EndGlobalSection
	GlobalSection(ExtensibilityGlobals) = postSolution
		SolutionGuid = {65A25A4E-E82E-40E4-8A3E-2C295D0E9EA3}
	EndGlobalSection
EndGlobal
